
Microsoft Visual Studio Solution File, Format Version 12.00
# Visual Studio Version 16
VisualStudioVersion = 16.0.30406.217
MinimumVisualStudioVersion = 10.0.40219.1
Project("{FAE04EC0-301F-11D3-BF4B-00C04F79EFBC}") = "CpkTmxTool", "CpkTmxTool.csproj", "{9D77DB88-D118-45DB-9014-52165D9F798D}"
EndProject
Global
	GlobalSection(SolutionConfigurationPlatforms) = preSolution
		Debug|Any CPU = Debug|Any CPU
		Release|Any CPU = Release|Any CPU
	EndGlobalSection
	GlobalSection(ProjectConfigurationPlatforms) = postSolution
		{9D77DB88-D118-45DB-9014-52165D9F798D}.Debug|Any CPU.ActiveCfg = Debug|Any CPU
		{9D77DB88-D118-45DB-9014-52165D9F798D}.Debug|Any CPU.Build.0 = Debug|Any CPU
		{9D77DB88-D118-45DB-9014-52165D9F798D}.Release|Any CPU.ActiveCfg = Release|Any CPU
		{9D77DB88-D118-45DB-9014-52165D9F798D}.Release|Any CPU.Build.0 = Release|Any CPU
	EndGlobalSection
	GlobalSection(SolutionProperties) = preSolution
		HideSolutionNode = FALSE
	EndGlobalSection
	GlobalSection(ExtensibilityGlobals) = postSolution
		SolutionGuid = {1D75422B-1905-4249-841C-58D02C29B617}
	EndGlobalSection
EndGlobal
